
Microsoft Visual Studio Solution File, Format Version 12.00
# Visual Studio 15
VisualStudioVersion = 15.0.27703.2047
MinimumVisualStudioVersion = 10.0.40219.1
Project("{FAE04EC0-301F-11D3-BF4B-00C04F79EFBC}") = "SoapService", "SoapService\SoapService.csproj", "{D00FF900-3A24-4B75-B4D4-4F5C8E407AAB}"
EndProject
Project("{FAE04EC0-301F-11D3-BF4B-00C04F79EFBC}") = "ApiRest", "ApiRest\ApiRest.csproj", "{85FF4518-0F79-45DC-ACEF-B4893072907F}"
EndProject
Global
	GlobalSection(SolutionConfigurationPlatforms) = preSolution
		Debug|Any CPU = Debug|Any CPU
		Release|Any CPU = Release|Any CPU
	EndGlobalSection
	GlobalSection(ProjectConfigurationPlatforms) = postSolution
		{D00FF900-3A24-4B75-B4D4-4F5C8E407AAB}.Debug|Any CPU.ActiveCfg = Debug|Any CPU
		{D00FF900-3A24-4B75-B4D4-4F5C8E407AAB}.Debug|Any CPU.Build.0 = Debug|Any CPU
		{D00FF900-3A24-4B75-B4D4-4F5C8E407AAB}.Release|Any CPU.ActiveCfg = Release|Any CPU
		{D00FF900-3A24-4B75-B4D4-4F5C8E407AAB}.Release|Any CPU.Build.0 = Release|Any CPU
		{85FF4518-0F79-45DC-ACEF-B4893072907F}.Debug|Any CPU.ActiveCfg = Debug|Any CPU
		{85FF4518-0F79-45DC-ACEF-B4893072907F}.Debug|Any CPU.Build.0 = Debug|Any CPU
		{85FF4518-0F79-45DC-ACEF-B4893072907F}.Release|Any CPU.ActiveCfg = Release|Any CPU
		{85FF4518-0F79-45DC-ACEF-B4893072907F}.Release|Any CPU.Build.0 = Release|Any CPU
	EndGlobalSection
	GlobalSection(SolutionProperties) = preSolution
		HideSolutionNode = FALSE
	EndGlobalSection
	GlobalSection(ExtensibilityGlobals) = postSolution
		SolutionGuid = {C87B9524-F982-4246-9119-748314FE3315}
	EndGlobalSection
EndGlobal
